
Microsoft Visual Studio Solution File, Format Version 12.00
# Visual Studio Version 16
VisualStudioVersion = 16.0.30724.190
MinimumVisualStudioVersion = 10.0.40219.1
Project("{888888A0-9F3D-457C-B088-3A5042F75D52}") = "DjangoWebProject2", "DjangoWebProject2\DjangoWebProject2.pyproj", "{1A97ED63-5F0F-483E-8377-0B6C926FFB6B}"
EndProject
Global
	GlobalSection(SolutionConfigurationPlatforms) = preSolution
		Debug|Any CPU = Debug|Any CPU
		Release|Any CPU = Release|Any CPU
	EndGlobalSection
	GlobalSection(ProjectConfigurationPlatforms) = postSolution
		{1A97ED63-5F0F-483E-8377-0B6C926FFB6B}.Debug|Any CPU.ActiveCfg = Debug|Any CPU
		{1A97ED63-5F0F-483E-8377-0B6C926FFB6B}.Debug|Any CPU.Build.0 = Debug|Any CPU
		{1A97ED63-5F0F-483E-8377-0B6C926FFB6B}.Release|Any CPU.ActiveCfg = Release|Any CPU
		{1A97ED63-5F0F-483E-8377-0B6C926FFB6B}.Release|Any CPU.Build.0 = Release|Any CPU
	EndGlobalSection
	GlobalSection(SolutionProperties) = preSolution
		HideSolutionNode = FALSE
	EndGlobalSection
	GlobalSection(ExtensibilityGlobals) = postSolution
		SolutionGuid = {26EFA494-EFCD-4A6A-B225-ED914675BDB8}
	EndGlobalSection
EndGlobal
